
Microsoft Visual Studio Solution File, Format Version 12.00
# Visual Studio Version 17
VisualStudioVersion = 17.2.32630.192
MinimumVisualStudioVersion = 10.0.40219.1
Project("{FAE04EC0-301F-11D3-BF4B-00C04F79EFBC}") = "OseredokManagementSystem", "OseredokManagementSystem\OseredokManagementSystem.csproj", "{875FFBA4-01AC-44CA-B561-3EF30F8C5C94}"
EndProject
Project("{2150E333-8FDC-42A3-9474-1A3956D46DE8}") = "server", "server", "{6BF94174-159C-4108-BFCC-5A0F35077F05}"
EndProject
Project("{2150E333-8FDC-42A3-9474-1A3956D46DE8}") = "shared", "shared", "{779750C6-6957-484C-9C87-95841D86BF84}"
EndProject
Project("{FAE04EC0-301F-11D3-BF4B-00C04F79EFBC}") = "OseredokManagementSystem.Server.Core", "OseredokManagementSystem.Server.Core\OseredokManagementSystem.Server.Core.csproj", "{E10929A5-58CB-4B1C-BF8A-CE6E7F3B468C}"
EndProject
Project("{FAE04EC0-301F-11D3-BF4B-00C04F79EFBC}") = "OseredokManagementSystem.Server.Infrastructure", "OseredokManagementSystem.Server.Infrastructure\OseredokManagementSystem.Server.Infrastructure.csproj", "{68EC23FE-A472-47EE-AE94-623EFBB0B18E}"
EndProject
Project("{FAE04EC0-301F-11D3-BF4B-00C04F79EFBC}") = "OseredokManagementSystem.Shared", "OseredokManagementSystem.Shared\OseredokManagementSystem.Shared.csproj", "{A7199DC7-C10B-4C29-B307-1BD3BBB93ABE}"
EndProject
Global
	GlobalSection(SolutionConfigurationPlatforms) = preSolution
		Debug|Any CPU = Debug|Any CPU
		Release|Any CPU = Release|Any CPU
	EndGlobalSection
	GlobalSection(ProjectConfigurationPlatforms) = postSolution
		{875FFBA4-01AC-44CA-B561-3EF30F8C5C94}.Debug|Any CPU.ActiveCfg = Debug|Any CPU
		{875FFBA4-01AC-44CA-B561-3EF30F8C5C94}.Debug|Any CPU.Build.0 = Debug|Any CPU
		{875FFBA4-01AC-44CA-B561-3EF30F8C5C94}.Release|Any CPU.ActiveCfg = Release|Any CPU
		{875FFBA4-01AC-44CA-B561-3EF30F8C5C94}.Release|Any CPU.Build.0 = Release|Any CPU
		{E10929A5-58CB-4B1C-BF8A-CE6E7F3B468C}.Debug|Any CPU.ActiveCfg = Debug|Any CPU
		{E10929A5-58CB-4B1C-BF8A-CE6E7F3B468C}.Debug|Any CPU.Build.0 = Debug|Any CPU
		{E10929A5-58CB-4B1C-BF8A-CE6E7F3B468C}.Release|Any CPU.ActiveCfg = Release|Any CPU
		{E10929A5-58CB-4B1C-BF8A-CE6E7F3B468C}.Release|Any CPU.Build.0 = Release|Any CPU
		{68EC23FE-A472-47EE-AE94-623EFBB0B18E}.Debug|Any CPU.ActiveCfg = Debug|Any CPU
		{68EC23FE-A472-47EE-AE94-623EFBB0B18E}.Debug|Any CPU.Build.0 = Debug|Any CPU
		{68EC23FE-A472-47EE-AE94-623EFBB0B18E}.Release|Any CPU.ActiveCfg = Release|Any CPU
		{68EC23FE-A472-47EE-AE94-623EFBB0B18E}.Release|Any CPU.Build.0 = Release|Any CPU
		{A7199DC7-C10B-4C29-B307-1BD3BBB93ABE}.Debug|Any CPU.ActiveCfg = Debug|Any CPU
		{A7199DC7-C10B-4C29-B307-1BD3BBB93ABE}.Debug|Any CPU.Build.0 = Debug|Any CPU
		{A7199DC7-C10B-4C29-B307-1BD3BBB93ABE}.Release|Any CPU.ActiveCfg = Release|Any CPU
		{A7199DC7-C10B-4C29-B307-1BD3BBB93ABE}.Release|Any CPU.Build.0 = Release|Any CPU
	EndGlobalSection
	GlobalSection(SolutionProperties) = preSolution
		HideSolutionNode = FALSE
	EndGlobalSection
	GlobalSection(NestedProjects) = preSolution
		{875FFBA4-01AC-44CA-B561-3EF30F8C5C94} = {6BF94174-159C-4108-BFCC-5A0F35077F05}
		{E10929A5-58CB-4B1C-BF8A-CE6E7F3B468C} = {6BF94174-159C-4108-BFCC-5A0F35077F05}
		{68EC23FE-A472-47EE-AE94-623EFBB0B18E} = {6BF94174-159C-4108-BFCC-5A0F35077F05}
		{A7199DC7-C10B-4C29-B307-1BD3BBB93ABE} = {779750C6-6957-484C-9C87-95841D86BF84}
	EndGlobalSection
	GlobalSection(ExtensibilityGlobals) = postSolution
		SolutionGuid = {61DE1983-7165-4792-A79E-BE6E0A54B013}
	EndGlobalSection
EndGlobal
